
Microsoft Visual Studio Solution File, Format Version 12.00
# Visual Studio 15
Project("{FAE04EC0-301F-11D3-BF4B-00C04F79EFBC}") = "Books.Api", "Books.Api\Books.Api.csproj", "{8736B9BA-46A1-42C1-802C-5E5EB2D50656}"
EndProject
Project("{FAE04EC0-301F-11D3-BF4B-00C04F79EFBC}") = "BookCovers.API", "BookCovers.API\BookCovers.API.csproj", "{99F0CBA6-CE69-4C30-B9F7-7875F981CB0C}"
EndProject
Project("{FAE04EC0-301F-11D3-BF4B-00C04F79EFBC}") = "Books.Legacy", "Books.Legacy\Books.Legacy.csproj", "{FCADB8C4-71BF-412A-8F38-C2ADDDB5DC20}"
EndProject
Global
	GlobalSection(SolutionConfigurationPlatforms) = preSolution
		Debug|Any CPU = Debug|Any CPU
		Release|Any CPU = Release|Any CPU
	EndGlobalSection
	GlobalSection(ProjectConfigurationPlatforms) = postSolution
		{8736B9BA-46A1-42C1-802C-5E5EB2D50656}.Debug|Any CPU.ActiveCfg = Debug|Any CPU
		{8736B9BA-46A1-42C1-802C-5E5EB2D50656}.Debug|Any CPU.Build.0 = Debug|Any CPU
		{8736B9BA-46A1-42C1-802C-5E5EB2D50656}.Release|Any CPU.ActiveCfg = Release|Any CPU
		{8736B9BA-46A1-42C1-802C-5E5EB2D50656}.Release|Any CPU.Build.0 = Release|Any CPU
		{99F0CBA6-CE69-4C30-B9F7-7875F981CB0C}.Debug|Any CPU.ActiveCfg = Debug|Any CPU
		{99F0CBA6-CE69-4C30-B9F7-7875F981CB0C}.Debug|Any CPU.Build.0 = Debug|Any CPU
		{99F0CBA6-CE69-4C30-B9F7-7875F981CB0C}.Release|Any CPU.ActiveCfg = Release|Any CPU
		{99F0CBA6-CE69-4C30-B9F7-7875F981CB0C}.Release|Any CPU.Build.0 = Release|Any CPU
		{FCADB8C4-71BF-412A-8F38-C2ADDDB5DC20}.Debug|Any CPU.ActiveCfg = Debug|Any CPU
		{FCADB8C4-71BF-412A-8F38-C2ADDDB5DC20}.Debug|Any CPU.Build.0 = Debug|Any CPU
		{FCADB8C4-71BF-412A-8F38-C2ADDDB5DC20}.Release|Any CPU.ActiveCfg = Release|Any CPU
		{FCADB8C4-71BF-412A-8F38-C2ADDDB5DC20}.Release|Any CPU.Build.0 = Release|Any CPU
	EndGlobalSection
EndGlobal
